
Microsoft Visual Studio Solution File, Format Version 12.00
# Visual Studio Version 17
VisualStudioVersion = 17.4.33213.308
MinimumVisualStudioVersion = 10.0.40219.1
Project("{FAE04EC0-301F-11D3-BF4B-00C04F79EFBC}") = "project6 kassa", "project6 kassa\project6 kassa.csproj", "{BD013246-093D-4818-ABD7-C0F0BE6CD925}"
EndProject
Global
	GlobalSection(SolutionConfigurationPlatforms) = preSolution
		Debug|Any CPU = Debug|Any CPU
		Release|Any CPU = Release|Any CPU
	EndGlobalSection
	GlobalSection(ProjectConfigurationPlatforms) = postSolution
		{BD013246-093D-4818-ABD7-C0F0BE6CD925}.Debug|Any CPU.ActiveCfg = Debug|Any CPU
		{BD013246-093D-4818-ABD7-C0F0BE6CD925}.Debug|Any CPU.Build.0 = Debug|Any CPU
		{BD013246-093D-4818-ABD7-C0F0BE6CD925}.Release|Any CPU.ActiveCfg = Release|Any CPU
		{BD013246-093D-4818-ABD7-C0F0BE6CD925}.Release|Any CPU.Build.0 = Release|Any CPU
	EndGlobalSection
	GlobalSection(SolutionProperties) = preSolution
		HideSolutionNode = FALSE
	EndGlobalSection
	GlobalSection(ExtensibilityGlobals) = postSolution
		SolutionGuid = {9736BA00-6702-4494-83B9-0FEB08396DC0}
	EndGlobalSection
EndGlobal
